
Microsoft Visual Studio Solution File, Format Version 12.00
# Visual Studio Version 17
VisualStudioVersion = 17.8.34330.188
MinimumVisualStudioVersion = 10.0.40219.1
Project("{9A19103F-16F7-4668-BE54-9A1E7A4F7556}") = "DataAccessLayer", "DataAccessLayer\DataAccessLayer.csproj", "{DD4EEE59-74D3-4F76-B07C-459031BCED69}"
EndProject
Project("{9A19103F-16F7-4668-BE54-9A1E7A4F7556}") = "BusinessLogicLayer", "BusinessLogicLayer\BusinessLogicLayer.csproj", "{5060C691-2BB8-43DC-8F91-3D1AA657976D}"
EndProject
Project("{9A19103F-16F7-4668-BE54-9A1E7A4F7556}") = "PresentationLayer", "PresentationLayer\PresentationLayer.csproj", "{06D6636B-7DF2-4E6F-8D48-7174F148AEB4}"
EndProject
Project("{FAE04EC0-301F-11D3-BF4B-00C04F79EFBC}") = "DependencyInjectionContainer", "DependencyInjectionContainer\DependencyInjectionContainer.csproj", "{680C8834-9638-482A-8813-B47C50A9A0B8}"
EndProject
Global
	GlobalSection(SolutionConfigurationPlatforms) = preSolution
		Debug|Any CPU = Debug|Any CPU
		Release|Any CPU = Release|Any CPU
	EndGlobalSection
	GlobalSection(ProjectConfigurationPlatforms) = postSolution
		{DD4EEE59-74D3-4F76-B07C-459031BCED69}.Debug|Any CPU.ActiveCfg = Debug|Any CPU
		{DD4EEE59-74D3-4F76-B07C-459031BCED69}.Debug|Any CPU.Build.0 = Debug|Any CPU
		{DD4EEE59-74D3-4F76-B07C-459031BCED69}.Release|Any CPU.ActiveCfg = Release|Any CPU
		{DD4EEE59-74D3-4F76-B07C-459031BCED69}.Release|Any CPU.Build.0 = Release|Any CPU
		{5060C691-2BB8-43DC-8F91-3D1AA657976D}.Debug|Any CPU.ActiveCfg = Debug|Any CPU
		{5060C691-2BB8-43DC-8F91-3D1AA657976D}.Debug|Any CPU.Build.0 = Debug|Any CPU
		{5060C691-2BB8-43DC-8F91-3D1AA657976D}.Release|Any CPU.ActiveCfg = Release|Any CPU
		{5060C691-2BB8-43DC-8F91-3D1AA657976D}.Release|Any CPU.Build.0 = Release|Any CPU
		{06D6636B-7DF2-4E6F-8D48-7174F148AEB4}.Debug|Any CPU.ActiveCfg = Debug|Any CPU
		{06D6636B-7DF2-4E6F-8D48-7174F148AEB4}.Debug|Any CPU.Build.0 = Debug|Any CPU
		{06D6636B-7DF2-4E6F-8D48-7174F148AEB4}.Release|Any CPU.ActiveCfg = Release|Any CPU
		{06D6636B-7DF2-4E6F-8D48-7174F148AEB4}.Release|Any CPU.Build.0 = Release|Any CPU
		{680C8834-9638-482A-8813-B47C50A9A0B8}.Debug|Any CPU.ActiveCfg = Debug|Any CPU
		{680C8834-9638-482A-8813-B47C50A9A0B8}.Debug|Any CPU.Build.0 = Debug|Any CPU
		{680C8834-9638-482A-8813-B47C50A9A0B8}.Release|Any CPU.ActiveCfg = Release|Any CPU
		{680C8834-9638-482A-8813-B47C50A9A0B8}.Release|Any CPU.Build.0 = Release|Any CPU
	EndGlobalSection
	GlobalSection(SolutionProperties) = preSolution
		HideSolutionNode = FALSE
	EndGlobalSection
	GlobalSection(ExtensibilityGlobals) = postSolution
		SolutionGuid = {F3568AEA-33A8-4D3A-85A4-AD7A61BFEA89}
	EndGlobalSection
EndGlobal
